// !$*UTF8*$!
{
	archiveVersion = 1;
	classes = {
	};
	objectVersion = 50;
	objects = {

/* Begin PBXBuildFile section */
		4C71FFA22766F6FE0059E5CC /* CartView.storyboard in Resources */ = {isa = PBXBuildFile; fileRef = 4C71FFA12766F6FE0059E5CC /* CartView.storyboard */; };
		4C71FFA52766F7100059E5CC /* ProductView.storyboard in Resources */ = {isa = PBXBuildFile; fileRef = 4C71FFA42766F7100059E5CC /* ProductView.storyboard */; };
		92333FD52766B2FB0093F288 /* ConsultAcquisitionView.storyboard in Resources */ = {isa = PBXBuildFile; fileRef = 92333FD42766B2FB0093F288 /* ConsultAcquisitionView.storyboard */; };
		925A0723276704CF00A6177A /* ModifyRegistrationView.storyboard in Resources */ = {isa = PBXBuildFile; fileRef = 925A0722276704CF00A6177A /* ModifyRegistrationView.storyboard */; };
		92AB71AA276561E400B8ED7F /* UserRegistrationView.storyboard in Resources */ = {isa = PBXBuildFile; fileRef = 92AB71A9276561E400B8ED7F /* UserRegistrationView.storyboard */; };
		92CA85D3275522A60080AF88 /* AppDelegate.swift in Sources */ = {isa = PBXBuildFile; fileRef = 92CA85D2275522A60080AF88 /* AppDelegate.swift */; };
		92CA85D5275522A60080AF88 /* SceneDelegate.swift in Sources */ = {isa = PBXBuildFile; fileRef = 92CA85D4275522A60080AF88 /* SceneDelegate.swift */; };
		92CA85DA275522A60080AF88 /* Main.storyboard in Resources */ = {isa = PBXBuildFile; fileRef = 92CA85D8275522A60080AF88 /* Main.storyboard */; };
		92CA85DC275522A70080AF88 /* Assets.xcassets in Resources */ = {isa = PBXBuildFile; fileRef = 92CA85DB275522A70080AF88 /* Assets.xcassets */; };
		92CA85DF275522A70080AF88 /* LaunchScreen.storyboard in Resources */ = {isa = PBXBuildFile; fileRef = 92CA85DD275522A70080AF88 /* LaunchScreen.storyboard */; };
		E585306727552CEB00D6675B /* LoginViewController.swift in Sources */ = {isa = PBXBuildFile; fileRef = E585306627552CEB00D6675B /* LoginViewController.swift */; };
		E5ADBE142764563900EC2025 /* PaymentView.storyboard in Resources */ = {isa = PBXBuildFile; fileRef = E5ADBE132764563900EC2025 /* PaymentView.storyboard */; };
		E5ADBE1A2766FC2100EC2025 /* SearchViewController.swift in Sources */ = {isa = PBXBuildFile; fileRef = E5ADBE192766FC2100EC2025 /* SearchViewController.swift */; };
		E5ADBE1C2766FC7700EC2025 /* CardItemViewCell.swift in Sources */ = {isa = PBXBuildFile; fileRef = E5ADBE1B2766FC7700EC2025 /* CardItemViewCell.swift */; };
		E5ADBE1E2766FCD100EC2025 /* CardItemViewCell.storyboard in Resources */ = {isa = PBXBuildFile; fileRef = E5ADBE1D2766FCD100EC2025 /* CardItemViewCell.storyboard */; };
/* End PBXBuildFile section */

/* Begin PBXFileReference section */
		4C71FFA12766F6FE0059E5CC /* CartView.storyboard */ = {isa = PBXFileReference; lastKnownFileType = file.storyboard; path = CartView.storyboard; sourceTree = "<group>"; };
		4C71FFA42766F7100059E5CC /* ProductView.storyboard */ = {isa = PBXFileReference; lastKnownFileType = file.storyboard; path = ProductView.storyboard; sourceTree = "<group>"; };
		92333FD42766B2FB0093F288 /* ConsultAcquisitionView.storyboard */ = {isa = PBXFileReference; lastKnownFileType = file.storyboard; path = ConsultAcquisitionView.storyboard; sourceTree = "<group>"; };
		925A0722276704CF00A6177A /* ModifyRegistrationView.storyboard */ = {isa = PBXFileReference; lastKnownFileType = file.storyboard; path = ModifyRegistrationView.storyboard; sourceTree = "<group>"; };
		92AB71A9276561E400B8ED7F /* UserRegistrationView.storyboard */ = {isa = PBXFileReference; lastKnownFileType = file.storyboard; path = UserRegistrationView.storyboard; sourceTree = "<group>"; };
		92CA85CF275522A60080AF88 /* ePet.app */ = {isa = PBXFileReference; explicitFileType = wrapper.application; includeInIndex = 0; path = ePet.app; sourceTree = BUILT_PRODUCTS_DIR; };
		92CA85D2275522A60080AF88 /* AppDelegate.swift */ = {isa = PBXFileReference; lastKnownFileType = sourcecode.swift; path = AppDelegate.swift; sourceTree = "<group>"; };
		92CA85D4275522A60080AF88 /* SceneDelegate.swift */ = {isa = PBXFileReference; lastKnownFileType = sourcecode.swift; path = SceneDelegate.swift; sourceTree = "<group>"; };
		92CA85D9275522A60080AF88 /* Base */ = {isa = PBXFileReference; lastKnownFileType = file.storyboard; name = Base; path = Base.lproj/Main.storyboard; sourceTree = "<group>"; };
		92CA85DB275522A70080AF88 /* Assets.xcassets */ = {isa = PBXFileReference; lastKnownFileType = folder.assetcatalog; path = Assets.xcassets; sourceTree = "<group>"; };
		92CA85DE275522A70080AF88 /* Base */ = {isa = PBXFileReference; lastKnownFileType = file.storyboard; name = Base; path = Base.lproj/LaunchScreen.storyboard; sourceTree = "<group>"; };
		92CA85E0275522A70080AF88 /* Info.plist */ = {isa = PBXFileReference; lastKnownFileType = text.plist.xml; path = Info.plist; sourceTree = "<group>"; };
		E585306627552CEB00D6675B /* LoginViewController.swift */ = {isa = PBXFileReference; lastKnownFileType = sourcecode.swift; path = LoginViewController.swift; sourceTree = "<group>"; };
		E5ADBE132764563900EC2025 /* PaymentView.storyboard */ = {isa = PBXFileReference; lastKnownFileType = file.storyboard; path = PaymentView.storyboard; sourceTree = "<group>"; };
		E5ADBE192766FC2100EC2025 /* SearchViewController.swift */ = {isa = PBXFileReference; lastKnownFileType = sourcecode.swift; path = SearchViewController.swift; sourceTree = "<group>"; };
		E5ADBE1B2766FC7700EC2025 /* CardItemViewCell.swift */ = {isa = PBXFileReference; lastKnownFileType = sourcecode.swift; path = CardItemViewCell.swift; sourceTree = "<group>"; };
		E5ADBE1D2766FCD100EC2025 /* CardItemViewCell.storyboard */ = {isa = PBXFileReference; lastKnownFileType = file.storyboard; path = CardItemViewCell.storyboard; sourceTree = "<group>"; };
/* End PBXFileReference section */

/* Begin PBXFrameworksBuildPhase section */
		92CA85CC275522A60080AF88 /* Frameworks */ = {
			isa = PBXFrameworksBuildPhase;
			buildActionMask = 2147483647;
			files = (
			);
			runOnlyForDeploymentPostprocessing = 0;
		};
/* End PBXFrameworksBuildPhase section */

/* Begin PBXGroup section */
		92CA85C6275522A60080AF88 = {
			isa = PBXGroup;
			children = (
				92CA85D1275522A60080AF88 /* ePet */,
				92CA85D0275522A60080AF88 /* Products */,
			);
			sourceTree = "<group>";
		};
		92CA85D0275522A60080AF88 /* Products */ = {
			isa = PBXGroup;
			children = (
				92CA85CF275522A60080AF88 /* ePet.app */,
			);
			name = Products;
			sourceTree = "<group>";
		};
		92CA85D1275522A60080AF88 /* ePet */ = {
			isa = PBXGroup;
			children = (
				E585305F2755295900D6675B /* instance */,
				E585305E2755295400D6675B /* framework */,
				92CA85D2275522A60080AF88 /* AppDelegate.swift */,
				92CA85D4275522A60080AF88 /* SceneDelegate.swift */,
				92CA85DB275522A70080AF88 /* Assets.xcassets */,
				92CA85DD275522A70080AF88 /* LaunchScreen.storyboard */,
				92CA85E0275522A70080AF88 /* Info.plist */,
			);
			path = ePet;
			sourceTree = "<group>";
		};
		E585305E2755295400D6675B /* framework */ = {
			isa = PBXGroup;
			children = (
				E58530622755296E00D6675B /* models */,
				E58530612755296700D6675B /* controllers */,
				E58530602755296100D6675B /* storyboards */,
			);
			path = framework;
			sourceTree = "<group>";
		};
		E585305F2755295900D6675B /* instance */ = {
			isa = PBXGroup;
			children = (
				E5853065275529B300D6675B /* storyboards */,
				E5853064275529AD00D6675B /* controllers */,
				E5853063275529A900D6675B /* models */,
			);
			path = instance;
			sourceTree = "<group>";
		};
		E58530602755296100D6675B /* storyboards */ = {
			isa = PBXGroup;
			children = (
				E5ADBE1D2766FCD100EC2025 /* CardItemViewCell.storyboard */,
			);
			path = storyboards;
			sourceTree = "<group>";
		};
		E58530612755296700D6675B /* controllers */ = {
			isa = PBXGroup;
			children = (
				E5ADBE1B2766FC7700EC2025 /* CardItemViewCell.swift */,
			);
			path = controllers;
			sourceTree = "<group>";
		};
		E58530622755296E00D6675B /* models */ = {
			isa = PBXGroup;
			children = (
			);
			path = models;
			sourceTree = "<group>";
		};
		E5853063275529A900D6675B /* models */ = {
			isa = PBXGroup;
			children = (
			);
			path = models;
			sourceTree = "<group>";
		};
		E5853064275529AD00D6675B /* controllers */ = {
			isa = PBXGroup;
			children = (
				E585306627552CEB00D6675B /* LoginViewController.swift */,
				E5ADBE192766FC2100EC2025 /* SearchViewController.swift */,
			);
			path = controllers;
			sourceTree = "<group>";
		};
		E5853065275529B300D6675B /* storyboards */ = {
			isa = PBXGroup;
			children = (
				92CA85D8275522A60080AF88 /* Main.storyboard */,
				E5ADBE132764563900EC2025 /* PaymentView.storyboard */,
				92AB71A9276561E400B8ED7F /* UserRegistrationView.storyboard */,
				92333FD42766B2FB0093F288 /* ConsultAcquisitionView.storyboard */,
				4C71FFA12766F6FE0059E5CC /* CartView.storyboard */,
				4C71FFA42766F7100059E5CC /* ProductView.storyboard */,
				925A0722276704CF00A6177A /* ModifyRegistrationView.storyboard */,
			);
			path = storyboards;
			sourceTree = "<group>";
		};
/* End PBXGroup section */

/* Begin PBXNativeTarget section */
		92CA85CE275522A60080AF88 /* ePet */ = {
			isa = PBXNativeTarget;
			buildConfigurationList = 92CA85E3275522A70080AF88 /* Build configuration list for PBXNativeTarget "ePet" */;
			buildPhases = (
				92CA85CB275522A60080AF88 /* Sources */,
				92CA85CC275522A60080AF88 /* Frameworks */,
				92CA85CD275522A60080AF88 /* Resources */,
			);
			buildRules = (
			);
			dependencies = (
			);
			name = ePet;
			productName = ePet;
			productReference = 92CA85CF275522A60080AF88 /* ePet.app */;
			productType = "com.apple.product-type.application";
		};
/* End PBXNativeTarget section */

/* Begin PBXProject section */
		92CA85C7275522A60080AF88 /* Project object */ = {
			isa = PBXProject;
			attributes = {
				LastSwiftUpdateCheck = 1240;
				LastUpgradeCheck = 1240;
				TargetAttributes = {
					92CA85CE275522A60080AF88 = {
						CreatedOnToolsVersion = 12.4;
					};
				};
			};
			buildConfigurationList = 92CA85CA275522A60080AF88 /* Build configuration list for PBXProject "ePet" */;
			compatibilityVersion = "Xcode 9.3";
			developmentRegion = en;
			hasScannedForEncodings = 0;
			knownRegions = (
				en,
				Base,
			);
			mainGroup = 92CA85C6275522A60080AF88;
			productRefGroup = 92CA85D0275522A60080AF88 /* Products */;
			projectDirPath = "";
			projectRoot = "";
			targets = (
				92CA85CE275522A60080AF88 /* ePet */,
			);
		};
/* End PBXProject section */

/* Begin PBXResourcesBuildPhase section */
		92CA85CD275522A60080AF88 /* Resources */ = {
			isa = PBXResourcesBuildPhase;
			buildActionMask = 2147483647;
			files = (
				92CA85DF275522A70080AF88 /* LaunchScreen.storyboard in Resources */,
				4C71FFA52766F7100059E5CC /* ProductView.storyboard in Resources */,
				E5ADBE142764563900EC2025 /* PaymentView.storyboard in Resources */,
				4C71FFA22766F6FE0059E5CC /* CartView.storyboard in Resources */,
				92333FD52766B2FB0093F288 /* ConsultAcquisitionView.storyboard in Resources */,
				925A0723276704CF00A6177A /* ModifyRegistrationView.storyboard in Resources */,
				92AB71AA276561E400B8ED7F /* UserRegistrationView.storyboard in Resources */,
				92CA85DC275522A70080AF88 /* Assets.xcassets in Resources */,
				92CA85DA275522A60080AF88 /* Main.storyboard in Resources */,
				E5ADBE1E2766FCD100EC2025 /* CardItemViewCell.storyboard in Resources */,
			);
			runOnlyForDeploymentPostprocessing = 0;
		};
/* End PBXResourcesBuildPhase section */

/* Begin PBXSourcesBuildPhase section */
		92CA85CB275522A60080AF88 /* Sources */ = {
			isa = PBXSourcesBuildPhase;
			buildActionMask = 2147483647;
			files = (
				E585306727552CEB00D6675B /* LoginViewController.swift in Sources */,
				92CA85D3275522A60080AF88 /* AppDelegate.swift in Sources */,
				E5ADBE1A2766FC2100EC2025 /* SearchViewController.swift in Sources */,
				92CA85D5275522A60080AF88 /* SceneDelegate.swift in Sources */,
				E5ADBE1C2766FC7700EC2025 /* CardItemViewCell.swift in Sources */,
			);
			runOnlyForDeploymentPostprocessing = 0;
		};
/* End PBXSourcesBuildPhase section */

/* Begin PBXVariantGroup section */
		92CA85D8275522A60080AF88 /* Main.storyboard */ = {
			isa = PBXVariantGroup;
			children = (
				92CA85D9275522A60080AF88 /* Base */,
			);
			name = Main.storyboard;
			sourceTree = "<group>";
		};
		92CA85DD275522A70080AF88 /* LaunchScreen.storyboard */ = {
			isa = PBXVariantGroup;
			children = (
				92CA85DE275522A70080AF88 /* Base */,
			);
			name = LaunchScreen.storyboard;
			sourceTree = "<group>";
		};
/* End PBXVariantGroup section */

/* Begin XCBuildConfiguration section */
		92CA85E1275522A70080AF88 /* Debug */ = {
			isa = XCBuildConfiguration;
			buildSettings = {
				ALWAYS_SEARCH_USER_PATHS = NO;
				CLANG_ANALYZER_NONNULL = YES;
				CLANG_ANALYZER_NUMBER_OBJECT_CONVERSION = YES_AGGRESSIVE;
				CLANG_CXX_LANGUAGE_STANDARD = "gnu++14";
				CLANG_CXX_LIBRARY = "libc++";
				CLANG_ENABLE_MODULES = YES;
				CLANG_ENABLE_OBJC_ARC = YES;
				CLANG_ENABLE_OBJC_WEAK = YES;
				CLANG_WARN_BLOCK_CAPTURE_AUTORELEASING = YES;
				CLANG_WARN_BOOL_CONVERSION = YES;
				CLANG_WARN_COMMA = YES;
				CLANG_WARN_CONSTANT_CONVERSION = YES;
				CLANG_WARN_DEPRECATED_OBJC_IMPLEMENTATIONS = YES;
				CLANG_WARN_DIRECT_OBJC_ISA_USAGE = YES_ERROR;
				CLANG_WARN_DOCUMENTATION_COMMENTS = YES;
				CLANG_WARN_EMPTY_BODY = YES;
				CLANG_WARN_ENUM_CONVERSION = YES;
				CLANG_WARN_INFINITE_RECURSION = YES;
				CLANG_WARN_INT_CONVERSION = YES;
				CLANG_WARN_NON_LITERAL_NULL_CONVERSION = YES;
				CLANG_WARN_OBJC_IMPLICIT_RETAIN_SELF = YES;
				CLANG_WARN_OBJC_LITERAL_CONVERSION = YES;
				CLANG_WARN_OBJC_ROOT_CLASS = YES_ERROR;
				CLANG_WARN_QUOTED_INCLUDE_IN_FRAMEWORK_HEADER = YES;
				CLANG_WARN_RANGE_LOOP_ANALYSIS = YES;
				CLANG_WARN_STRICT_PROTOTYPES = YES;
				CLANG_WARN_SUSPICIOUS_MOVE = YES;
				CLANG_WARN_UNGUARDED_AVAILABILITY = YES_AGGRESSIVE;
				CLANG_WARN_UNREACHABLE_CODE = YES;
				CLANG_WARN__DUPLICATE_METHOD_MATCH = YES;
				COPY_PHASE_STRIP = NO;
				DEBUG_INFORMATION_FORMAT = dwarf;
				ENABLE_STRICT_OBJC_MSGSEND = YES;
				ENABLE_TESTABILITY = YES;
				GCC_C_LANGUAGE_STANDARD = gnu11;
				GCC_DYNAMIC_NO_PIC = NO;
				GCC_NO_COMMON_BLOCKS = YES;
				GCC_OPTIMIZATION_LEVEL = 0;
				GCC_PREPROCESSOR_DEFINITIONS = (
					"DEBUG=1",
					"$(inherited)",
				);
				GCC_WARN_64_TO_32_BIT_CONVERSION = YES;
				GCC_WARN_ABOUT_RETURN_TYPE = YES_ERROR;
				GCC_WARN_UNDECLARED_SELECTOR = YES;
				GCC_WARN_UNINITIALIZED_AUTOS = YES_AGGRESSIVE;
				GCC_WARN_UNUSED_FUNCTION = YES;
				GCC_WARN_UNUSED_VARIABLE = YES;
				IPHONEOS_DEPLOYMENT_TARGET = 14.4;
				MTL_ENABLE_DEBUG_INFO = INCLUDE_SOURCE;
				MTL_FAST_MATH = YES;
				ONLY_ACTIVE_ARCH = YES;
				SDKROOT = iphoneos;
				SWIFT_ACTIVE_COMPILATION_CONDITIONS = DEBUG;
				SWIFT_OPTIMIZATION_LEVEL = "-Onone";
			};
			name = Debug;
		};
		92CA85E2275522A70080AF88 /* Release */ = {
			isa = XCBuildConfiguration;
			buildSettings = {
				ALWAYS_SEARCH_USER_PATHS = NO;
				CLANG_ANALYZER_NONNULL = YES;
				CLANG_ANALYZER_NUMBER_OBJECT_CONVERSION = YES_AGGRESSIVE;
				CLANG_CXX_LANGUAGE_STANDARD = "gnu++14";
				CLANG_CXX_LIBRARY = "libc++";
				CLANG_ENABLE_MODULES = YES;
				CLANG_ENABLE_OBJC_ARC = YES;
				CLANG_ENABLE_OBJC_WEAK = YES;
				CLANG_WARN_BLOCK_CAPTURE_AUTORELEASING = YES;
				CLANG_WARN_BOOL_CONVERSION = YES;
				CLANG_WARN_COMMA = YES;
				CLANG_WARN_CONSTANT_CONVERSION = YES;
				CLANG_WARN_DEPRECATED_OBJC_IMPLEMENTATIONS = YES;
				CLANG_WARN_DIRECT_OBJC_ISA_USAGE = YES_ERROR;
				CLANG_WARN_DOCUMENTATION_COMMENTS = YES;
				CLANG_WARN_EMPTY_BODY = YES;
				CLANG_WARN_ENUM_CONVERSION = YES;
				CLANG_WARN_INFINITE_RECURSION = YES;
				CLANG_WARN_INT_CONVERSION = YES;
				CLANG_WARN_NON_LITERAL_NULL_CONVERSION = YES;
				CLANG_WARN_OBJC_IMPLICIT_RETAIN_SELF = YES;
				CLANG_WARN_OBJC_LITERAL_CONVERSION = YES;
				CLANG_WARN_OBJC_ROOT_CLASS = YES_ERROR;
				CLANG_WARN_QUOTED_INCLUDE_IN_FRAMEWORK_HEADER = YES;
				CLANG_WARN_RANGE_LOOP_ANALYSIS = YES;
				CLANG_WARN_STRICT_PROTOTYPES = YES;
				CLANG_WARN_SUSPICIOUS_MOVE = YES;
				CLANG_WARN_UNGUARDED_AVAILABILITY = YES_AGGRESSIVE;
				CLANG_WARN_UNREACHABLE_CODE = YES;
				CLANG_WARN__DUPLICATE_METHOD_MATCH = YES;
				COPY_PHASE_STRIP = NO;
				DEBUG_INFORMATION_FORMAT = "dwarf-with-dsym";
				ENABLE_NS_ASSERTIONS = NO;
				ENABLE_STRICT_OBJC_MSGSEND = YES;
				GCC_C_LANGUAGE_STANDARD = gnu11;
				GCC_NO_COMMON_BLOCKS = YES;
				GCC_WARN_64_TO_32_BIT_CONVERSION = YES;
				GCC_WARN_ABOUT_RETURN_TYPE = YES_ERROR;
				GCC_WARN_UNDECLARED_SELECTOR = YES;
				GCC_WARN_UNINITIALIZED_AUTOS = YES_AGGRESSIVE;
				GCC_WARN_UNUSED_FUNCTION = YES;
				GCC_WARN_UNUSED_VARIABLE = YES;
				IPHONEOS_DEPLOYMENT_TARGET = 14.4;
				MTL_ENABLE_DEBUG_INFO = NO;
				MTL_FAST_MATH = YES;
				SDKROOT = iphoneos;
				SWIFT_COMPILATION_MODE = wholemodule;
				SWIFT_OPTIMIZATION_LEVEL = "-O";
				VALIDATE_PRODUCT = YES;
			};
			name = Release;
		};
		92CA85E4275522A70080AF88 /* Debug */ = {
			isa = XCBuildConfiguration;
			buildSettings = {
				ASSETCATALOG_COMPILER_APPICON_NAME = AppIcon;
				ASSETCATALOG_COMPILER_GLOBAL_ACCENT_COLOR_NAME = AccentColor;
				CODE_SIGN_STYLE = Automatic;
				INFOPLIST_FILE = ePet/Info.plist;
				LD_RUNPATH_SEARCH_PATHS = (
					"$(inherited)",
					"@executable_path/Frameworks",
				);
				PRODUCT_BUNDLE_IDENTIFIER = Inf2125.ePet;
				PRODUCT_NAME = "$(TARGET_NAME)";
				SWIFT_VERSION = 5.0;
				TARGETED_DEVICE_FAMILY = "1,2";
			};
			name = Debug;
		};
		92CA85E5275522A70080AF88 /* Release */ = {
			isa = XCBuildConfiguration;
			buildSettings = {
				ASSETCATALOG_COMPILER_APPICON_NAME = AppIcon;
				ASSETCATALOG_COMPILER_GLOBAL_ACCENT_COLOR_NAME = AccentColor;
				CODE_SIGN_STYLE = Automatic;
				INFOPLIST_FILE = ePet/Info.plist;
				LD_RUNPATH_SEARCH_PATHS = (
					"$(inherited)",
					"@executable_path/Frameworks",
				);
				PRODUCT_BUNDLE_IDENTIFIER = Inf2125.ePet;
				PRODUCT_NAME = "$(TARGET_NAME)";
				SWIFT_VERSION = 5.0;
				TARGETED_DEVICE_FAMILY = "1,2";
			};
			name = Release;
		};
/* End XCBuildConfiguration section */

/* Begin XCConfigurationList section */
		92CA85CA275522A60080AF88 /* Build configuration list for PBXProject "ePet" */ = {
			isa = XCConfigurationList;
			buildConfigurations = (
				92CA85E1275522A70080AF88 /* Debug */,
				92CA85E2275522A70080AF88 /* Release */,
			);
			defaultConfigurationIsVisible = 0;
			defaultConfigurationName = Release;
		};
		92CA85E3275522A70080AF88 /* Build configuration list for PBXNativeTarget "ePet" */ = {
			isa = XCConfigurationList;
			buildConfigurations = (
				92CA85E4275522A70080AF88 /* Debug */,
				92CA85E5275522A70080AF88 /* Release */,
			);
			defaultConfigurationIsVisible = 0;
			defaultConfigurationName = Release;
		};
/* End XCConfigurationList section */
	};
	rootObject = 92CA85C7275522A60080AF88 /* Project object */;
}
